{
  "name": "peri22x2hl7",
  "requires": true,
  "lockfileVersion": 1,
  "dependencies": {
    "@nictiz/Geboortezorg": {
      "version": "git+https://github.com/perinatologie/Geboortezorg.git#91ad06ca68dd3475faed1511082cbbee683f44d6",
      "from": "git+https://github.com/perinatologie/Geboortezorg.git#semver:^1.0"
    },
    "@nictiz/peri20-xml": {
      "version": "git+https://github.com/perinatologie/peri20-xml.git#d2ca57134616cc46595cdf8548252d892ef813af",
      "from": "git+https://github.com/perinatologie/peri20-xml.git#semver:^2.2"
    }
  }
}
