{
  "name": "peri22x2hl7",
  "version": "1.0.0",
  "lockfileVersion": 1,
  "requires": true,
  "dependencies": {
    "@nictiz/Geboortezorg": {
      "version": "git+https://github.com/perinatologie/Geboortezorg.git#750750530e94af171f9ee42730922ae47341b2e3",
      "from": "git+https://github.com/perinatologie/Geboortezorg.git#semver:^2.2"
    },
    "@nictiz/peri20-xml": {
      "version": "git+https://github.com/perinatologie/peri20-xml.git#d2ca57134616cc46595cdf8548252d892ef813af",
      "from": "git+https://github.com/perinatologie/peri20-xml.git#semver:^2.2"
    }
  }
}
